{
  "name": "transcript-analyzer",
  "version": "1.0.0",
  "lockfileVersion": 2,
  "requires": true,
  "packages": {
    "": {
      "name": "transcript-analyzer",
      "version": "1.0.0",
      "license": "ISC",
      "dependencies": {
        "buzzwords": "^2.0.0",
        "fillers": "^2.0.0",
        "hedges": "^2.0.0"
      }
    },
    "node_modules/buzzwords": {
      "version": "2.0.0",
      "resolved": "https://registry.npmjs.org/buzzwords/-/buzzwords-2.0.0.tgz",
      "integrity": "sha512-I9JlD4hdjwu44YPbE01Sjr91Oqy3EdLqFfrPUZOYUqazK1ospA7KrPyk3pfMGeEs2CfN91L0WsEzDaC+1808+Q==",
      "funding": {
        "type": "github",
        "url": "https://github.com/sponsors/wooorm"
      }
    },
    "node_modules/fillers": {
      "version": "2.0.0",
      "resolved": "https://registry.npmjs.org/fillers/-/fillers-2.0.0.tgz",
      "integrity": "sha512-7K+Wj4a5iDNu+nL9lbbobjoa2tPNmCA44Si+Rp6ErrrF0kUp2zgJEZArANvApAc3uXeVla0LzgWDg9ydRrPUCA==",
      "funding": {
        "type": "github",
        "url": "https://github.com/sponsors/wooorm"
      }
    },
    "node_modules/hedges": {
      "version": "2.0.0",
      "resolved": "https://registry.npmjs.org/hedges/-/hedges-2.0.0.tgz",
      "integrity": "sha512-nZbmsRnXDb7i1aNsVIakuyada1PlLzysabQ5cYuZ3vNBnBTrcEpumcuf+C/g5tP+SNO2CPpRJ1PrBzU4h6Ea+Q==",
      "funding": {
        "type": "github",
        "url": "https://github.com/sponsors/wooorm"
      }
    }
  },
  "dependencies": {
    "buzzwords": {
      "version": "2.0.0",
      "resolved": "https://registry.npmjs.org/buzzwords/-/buzzwords-2.0.0.tgz",
      "integrity": "sha512-I9JlD4hdjwu44YPbE01Sjr91Oqy3EdLqFfrPUZOYUqazK1ospA7KrPyk3pfMGeEs2CfN91L0WsEzDaC+1808+Q=="
    },
    "fillers": {
      "version": "2.0.0",
      "resolved": "https://registry.npmjs.org/fillers/-/fillers-2.0.0.tgz",
      "integrity": "sha512-7K+Wj4a5iDNu+nL9lbbobjoa2tPNmCA44Si+Rp6ErrrF0kUp2zgJEZArANvApAc3uXeVla0LzgWDg9ydRrPUCA=="
    },
    "hedges": {
      "version": "2.0.0",
      "resolved": "https://registry.npmjs.org/hedges/-/hedges-2.0.0.tgz",
      "integrity": "sha512-nZbmsRnXDb7i1aNsVIakuyada1PlLzysabQ5cYuZ3vNBnBTrcEpumcuf+C/g5tP+SNO2CPpRJ1PrBzU4h6Ea+Q=="
    }
  }
}
